
Microsoft Visual Studio Solution File, Format Version 12.00
# Visual Studio Version 16
VisualStudioVersion = 16.0.31729.503
MinimumVisualStudioVersion = 10.0.40219.1
Project("{FAE04EC0-301F-11D3-BF4B-00C04F79EFBC}") = "WindowsFormsApp1", "WindowsFormsApp1.csproj", "{09C58A36-CAF3-4845-A072-03DA4FF50DAF}"
EndProject
Global
	GlobalSection(SolutionConfigurationPlatforms) = preSolution
		Debug|Any CPU = Debug|Any CPU
		Release|Any CPU = Release|Any CPU
	EndGlobalSection
	GlobalSection(ProjectConfigurationPlatforms) = postSolution
		{09C58A36-CAF3-4845-A072-03DA4FF50DAF}.Debug|Any CPU.ActiveCfg = Debug|Any CPU
		{09C58A36-CAF3-4845-A072-03DA4FF50DAF}.Debug|Any CPU.Build.0 = Debug|Any CPU
		{09C58A36-CAF3-4845-A072-03DA4FF50DAF}.Release|Any CPU.ActiveCfg = Release|Any CPU
		{09C58A36-CAF3-4845-A072-03DA4FF50DAF}.Release|Any CPU.Build.0 = Release|Any CPU
	EndGlobalSection
	GlobalSection(SolutionProperties) = preSolution
		HideSolutionNode = FALSE
	EndGlobalSection
	GlobalSection(ExtensibilityGlobals) = postSolution
		SolutionGuid = {724F099D-EA4B-4CAE-9081-8D71DA1D1178}
	EndGlobalSection
EndGlobal
